Project("{FAE04EC0-301F-11D3-BF4B-00C04F79EFBC}") = "Project1", "Project1\Project1.csproj", "{B25F07A3-E722-4434-B376-675226929A71}"
	ProjectSection(ProjectDependencies) = postProject
		{B419DE36-3C88-449E-8B75-E385E9CAD763} = {B419DE36-3C88-449E-8B75-E385E9CAD763}
		{B9DBA268-4C27-4E15-B227-909CF8CDD3ED} = {B9DBA268-4C27-4E15-B227-909CF8CDD3ED}
	EndProjectSection
EndProject
Project("{FAE04EC0-301F-11D3-BF4B-00C04F79EFBC}") = "Project2", "Project2\Project2.csproj", "{B419DE36-3C88-449E-8B75-E385E9CAD763}"
	ProjectSection(ProjectDependencies) = postProject
		{B9DBA268-4C27-4E15-B227-909CF8CDD3ED} = {B9DBA268-4C27-4E15-B227-909CF8CDD3ED}
		{DE6EB080-C21F-46DB-823F-6F57B3F40F5C} = {DE6EB080-C21F-46DB-823F-6F57B3F40F5C}
	EndProjectSection
EndProject
Project("{FAE04EC0-301F-11D3-BF4B-00C04F79EFBC}") = "Project3", "Project3\Project3.csproj", "{DE6EB080-C21F-46DB-823F-6F57B3F40F5C}"
	ProjectSection(ProjectDependencies) = postProject
		{B9DBA268-4C27-4E15-B227-909CF8CDD3ED} = {B9DBA268-4C27-4E15-B227-909CF8CDD3ED}
	EndProjectSection
EndProject
Project("{FAE04EC0-301F-11D3-BF4B-00C04F79EFBC}") = "Project4", "Project4\Project4.csproj", "{B9DBA268-4C27-4E15-B227-909CF8CDD3ED}"
EndProject
Project("{FAE04EC0-301F-11D3-BF4B-00C04F79EFBC}") = "Project5", "Project5\Project5.csproj", "{6B4D063B-6890-4621-9E68-AC4212D5EF07}"
	ProjectSection(ProjectDependencies) = postProject
		{B25F07A3-E722-4434-B376-675226929A71} = {B25F07A3-E722-4434-B376-675226929A71}
	EndProjectSection
EndProject